// !$*UTF8*$!
{
	archiveVersion = 1;
	classes = {
	};
	objectVersion = 46;
	objects = {

/* Begin PBXBuildFile section */
		FD0E13DB1E5EC21700570E0C /* main.m in Sources */ = {isa = PBXBuildFile; fileRef = FD0E13DA1E5EC21700570E0C /* main.m */; };
		FD0E13DE1E5EC21700570E0C /* AppDelegate.m in Sources */ = {isa = PBXBuildFile; fileRef = FD0E13DD1E5EC21700570E0C /* AppDelegate.m */; };
		FD0E13E11E5EC21700570E0C /* MasterViewController.m in Sources */ = {isa = PBXBuildFile; fileRef = FD0E13E01E5EC21700570E0C /* MasterViewController.m */; };
		FD0E13E41E5EC21700570E0C /* DetailViewController.m in Sources */ = {isa = PBXBuildFile; fileRef = FD0E13E31E5EC21700570E0C /* DetailViewController.m */; };
		FD0E13E71E5EC21700570E0C /* Main.storyboard in Resources */ = {isa = PBXBuildFile; fileRef = FD0E13E51E5EC21700570E0C /* Main.storyboard */; };
		FD0E13E91E5EC21700570E0C /* Assets.xcassets in Resources */ = {isa = PBXBuildFile; fileRef = FD0E13E81E5EC21700570E0C /* Assets.xcassets */; };
		FD0E13EC1E5EC21700570E0C /* LaunchScreen.storyboard in Resources */ = {isa = PBXBuildFile; fileRef = FD0E13EA1E5EC21700570E0C /* LaunchScreen.storyboard */; };
		FD0E13F71E5EC21800570E0C /* payManagerTests.m in Sources */ = {isa = PBXBuildFile; fileRef = FD0E13F61E5EC21800570E0C /* payManagerTests.m */; };
		FD0E14021E5EC21800570E0C /* payManagerUITests.m in Sources */ = {isa = PBXBuildFile; fileRef = FD0E14011E5EC21800570E0C /* payManagerUITests.m */; };
/* End PBXBuildFile section */

/* Begin PBXContainerItemProxy section */
		FD0E13F31E5EC21800570E0C /* PBXContainerItemProxy */ = {
			isa = PBXContainerItemProxy;
			containerPortal = FD0E13CE1E5EC21700570E0C /* Project object */;
			proxyType = 1;
			remoteGlobalIDString = FD0E13D51E5EC21700570E0C;
			remoteInfo = payManager;
		};
		FD0E13FE1E5EC21800570E0C /* PBXContainerItemProxy */ = {
			isa = PBXContainerItemProxy;
			containerPortal = FD0E13CE1E5EC21700570E0C /* Project object */;
			proxyType = 1;
			remoteGlobalIDString = FD0E13D51E5EC21700570E0C;
			remoteInfo = payManager;
		};
/* End PBXContainerItemProxy section */

/* Begin PBXFileReference section */
		FD0E13D61E5EC21700570E0C /* payManager.app */ = {isa = PBXFileReference; explicitFileType = wrapper.application; includeInIndex = 0; path = payManager.app; sourceTree = BUILT_PRODUCTS_DIR; };
		FD0E13DA1E5EC21700570E0C /* main.m */ = {isa = PBXFileReference; lastKnownFileType = sourcecode.c.objc; path = main.m; sourceTree = "<group>"; };
		FD0E13DC1E5EC21700570E0C /* AppDelegate.h */ = {isa = PBXFileReference; lastKnownFileType = sourcecode.c.h; path = AppDelegate.h; sourceTree = "<group>"; };
		FD0E13DD1E5EC21700570E0C /* AppDelegate.m */ = {isa = PBXFileReference; lastKnownFileType = sourcecode.c.objc; path = AppDelegate.m; sourceTree = "<group>"; };
		FD0E13DF1E5EC21700570E0C /* MasterViewController.h */ = {isa = PBXFileReference; lastKnownFileType = sourcecode.c.h; path = MasterViewController.h; sourceTree = "<group>"; };
		FD0E13E01E5EC21700570E0C /* MasterViewController.m */ = {isa = PBXFileReference; lastKnownFileType = sourcecode.c.objc; path = MasterViewController.m; sourceTree = "<group>"; };
		FD0E13E21E5EC21700570E0C /* DetailViewController.h */ = {isa = PBXFileReference; lastKnownFileType = sourcecode.c.h; path = DetailViewController.h; sourceTree = "<group>"; };
		FD0E13E31E5EC21700570E0C /* DetailViewController.m */ = {isa = PBXFileReference; lastKnownFileType = sourcecode.c.objc; path = DetailViewController.m; sourceTree = "<group>"; };
		FD0E13E61E5EC21700570E0C /* Base */ = {isa = PBXFileReference; lastKnownFileType = file.storyboard; name = Base; path = Base.lproj/Main.storyboard; sourceTree = "<group>"; };
		FD0E13E81E5EC21700570E0C /* Assets.xcassets */ = {isa = PBXFileReference; lastKnownFileType = folder.assetcatalog; path = Assets.xcassets; sourceTree = "<group>"; };
		FD0E13EB1E5EC21700570E0C /* Base */ = {isa = PBXFileReference; lastKnownFileType = file.storyboard; name = Base; path = Base.lproj/LaunchScreen.storyboard; sourceTree = "<group>"; };
		FD0E13ED1E5EC21700570E0C /* Info.plist */ = {isa = PBXFileReference; lastKnownFileType = text.plist.xml; path = Info.plist; sourceTree = "<group>"; };
		FD0E13F21E5EC21800570E0C /* payManagerTests.xctest */ = {isa = PBXFileReference; explicitFileType = wrapper.cfbundle; includeInIndex = 0; path = payManagerTests.xctest; sourceTree = BUILT_PRODUCTS_DIR; };
		FD0E13F61E5EC21800570E0C /* payManagerTests.m */ = {isa = PBXFileReference; lastKnownFileType = sourcecode.c.objc; path = payManagerTests.m; sourceTree = "<group>"; };
		FD0E13F81E5EC21800570E0C /* Info.plist */ = {isa = PBXFileReference; lastKnownFileType = text.plist.xml; path = Info.plist; sourceTree = "<group>"; };
		FD0E13FD1E5EC21800570E0C /* payManagerUITests.xctest */ = {isa = PBXFileReference; explicitFileType = wrapper.cfbundle; includeInIndex = 0; path = payManagerUITests.xctest; sourceTree = BUILT_PRODUCTS_DIR; };
		FD0E14011E5EC21800570E0C /* payManagerUITests.m */ = {isa = PBXFileReference; lastKnownFileType = sourcecode.c.objc; path = payManagerUITests.m; sourceTree = "<group>"; };
		FD0E14031E5EC21800570E0C /* Info.plist */ = {isa = PBXFileReference; lastKnownFileType = text.plist.xml; path = Info.plist; sourceTree = "<group>"; };
/* End PBXFileReference section */

/* Begin PBXFrameworksBuildPhase section */
		FD0E13D31E5EC21700570E0C /* Frameworks */ = {
			isa = PBXFrameworksBuildPhase;
			buildActionMask = 2147483647;
			files = (
			);
			runOnlyForDeploymentPostprocessing = 0;
		};
		FD0E13EF1E5EC21800570E0C /* Frameworks */ = {
			isa = PBXFrameworksBuildPhase;
			buildActionMask = 2147483647;
			files = (
			);
			runOnlyForDeploymentPostprocessing = 0;
		};
		FD0E13FA1E5EC21800570E0C /* Frameworks */ = {
			isa = PBXFrameworksBuildPhase;
			buildActionMask = 2147483647;
			files = (
			);
			runOnlyForDeploymentPostprocessing = 0;
		};
/* End PBXFrameworksBuildPhase section */

/* Begin PBXGroup section */
		FD0E13CD1E5EC21700570E0C = {
			isa = PBXGroup;
			children = (
				FD0E13D81E5EC21700570E0C /* payManager */,
				FD0E13F51E5EC21800570E0C /* payManagerTests */,
				FD0E14001E5EC21800570E0C /* payManagerUITests */,
				FD0E13D71E5EC21700570E0C /* Products */,
			);
			sourceTree = "<group>";
		};
		FD0E13D71E5EC21700570E0C /* Products */ = {
			isa = PBXGroup;
			children = (
				FD0E13D61E5EC21700570E0C /* payManager.app */,
				FD0E13F21E5EC21800570E0C /* payManagerTests.xctest */,
				FD0E13FD1E5EC21800570E0C /* payManagerUITests.xctest */,
			);
			name = Products;
			sourceTree = "<group>";
		};
		FD0E13D81E5EC21700570E0C /* payManager */ = {
			isa = PBXGroup;
			children = (
				FD0E13DC1E5EC21700570E0C /* AppDelegate.h */,
				FD0E13DD1E5EC21700570E0C /* AppDelegate.m */,
				FD0E13DF1E5EC21700570E0C /* MasterViewController.h */,
				FD0E13E01E5EC21700570E0C /* MasterViewController.m */,
				FD0E13E21E5EC21700570E0C /* DetailViewController.h */,
				FD0E13E31E5EC21700570E0C /* DetailViewController.m */,
				FD0E13E51E5EC21700570E0C /* Main.storyboard */,
				FD0E13E81E5EC21700570E0C /* Assets.xcassets */,
				FD0E13EA1E5EC21700570E0C /* LaunchScreen.storyboard */,
				FD0E13ED1E5EC21700570E0C /* Info.plist */,
				FD0E13D91E5EC21700570E0C /* Supporting Files */,
			);
			path = payManager;
			sourceTree = "<group>";
		};
		FD0E13D91E5EC21700570E0C /* Supporting Files */ = {
			isa = PBXGroup;
			children = (
				FD0E13DA1E5EC21700570E0C /* main.m */,
			);
			name = "Supporting Files";
			sourceTree = "<group>";
		};
		FD0E13F51E5EC21800570E0C /* payManagerTests */ = {
			isa = PBXGroup;
			children = (
				FD0E13F61E5EC21800570E0C /* payManagerTests.m */,
				FD0E13F81E5EC21800570E0C /* Info.plist */,
			);
			path = payManagerTests;
			sourceTree = "<group>";
		};
		FD0E14001E5EC21800570E0C /* payManagerUITests */ = {
			isa = PBXGroup;
			children = (
				FD0E14011E5EC21800570E0C /* payManagerUITests.m */,
				FD0E14031E5EC21800570E0C /* Info.plist */,
			);
			path = payManagerUITests;
			sourceTree = "<group>";
		};
/* End PBXGroup section */

/* Begin PBXNativeTarget section */
		FD0E13D51E5EC21700570E0C /* payManager */ = {
			isa = PBXNativeTarget;
			buildConfigurationList = FD0E14061E5EC21800570E0C /* Build configuration list for PBXNativeTarget "payManager" */;
			buildPhases = (
				FD0E13D21E5EC21700570E0C /* Sources */,
				FD0E13D31E5EC21700570E0C /* Frameworks */,
				FD0E13D41E5EC21700570E0C /* Resources */,
			);
			buildRules = (
			);
			dependencies = (
			);
			name = payManager;
			productName = payManager;
			productReference = FD0E13D61E5EC21700570E0C /* payManager.app */;
			productType = "com.apple.product-type.application";
		};
		FD0E13F11E5EC21800570E0C /* payManagerTests */ = {
			isa = PBXNativeTarget;
			buildConfigurationList = FD0E14091E5EC21800570E0C /* Build configuration list for PBXNativeTarget "payManagerTests" */;
			buildPhases = (
				FD0E13EE1E5EC21800570E0C /* Sources */,
				FD0E13EF1E5EC21800570E0C /* Frameworks */,
				FD0E13F01E5EC21800570E0C /* Resources */,
			);
			buildRules = (
			);
			dependencies = (
				FD0E13F41E5EC21800570E0C /* PBXTargetDependency */,
			);
			name = payManagerTests;
			productName = payManagerTests;
			productReference = FD0E13F21E5EC21800570E0C /* payManagerTests.xctest */;
			productType = "com.apple.product-type.bundle.unit-test";
		};
		FD0E13FC1E5EC21800570E0C /* payManagerUITests */ = {
			isa = PBXNativeTarget;
			buildConfigurationList = FD0E140C1E5EC21800570E0C /* Build configuration list for PBXNativeTarget "payManagerUITests" */;
			buildPhases = (
				FD0E13F91E5EC21800570E0C /* Sources */,
				FD0E13FA1E5EC21800570E0C /* Frameworks */,
				FD0E13FB1E5EC21800570E0C /* Resources */,
			);
			buildRules = (
			);
			dependencies = (
				FD0E13FF1E5EC21800570E0C /* PBXTargetDependency */,
			);
			name = payManagerUITests;
			productName = payManagerUITests;
			productReference = FD0E13FD1E5EC21800570E0C /* payManagerUITests.xctest */;
			productType = "com.apple.product-type.bundle.ui-testing";
		};
/* End PBXNativeTarget section */

/* Begin PBXProject section */
		FD0E13CE1E5EC21700570E0C /* Project object */ = {
			isa = PBXProject;
			attributes = {
				LastUpgradeCheck = 0710;
				ORGANIZATIONNAME = zhou;
				TargetAttributes = {
					FD0E13D51E5EC21700570E0C = {
						CreatedOnToolsVersion = 7.1;
					};
					FD0E13F11E5EC21800570E0C = {
						CreatedOnToolsVersion = 7.1;
						TestTargetID = FD0E13D51E5EC21700570E0C;
					};
					FD0E13FC1E5EC21800570E0C = {
						CreatedOnToolsVersion = 7.1;
						TestTargetID = FD0E13D51E5EC21700570E0C;
					};
				};
			};
			buildConfigurationList = FD0E13D11E5EC21700570E0C /* Build configuration list for PBXProject "payManager" */;
			compatibilityVersion = "Xcode 3.2";
			developmentRegion = English;
			hasScannedForEncodings = 0;
			knownRegions = (
				en,
				Base,
			);
			mainGroup = FD0E13CD1E5EC21700570E0C;
			productRefGroup = FD0E13D71E5EC21700570E0C /* Products */;
			projectDirPath = "";
			projectRoot = "";
			targets = (
				FD0E13D51E5EC21700570E0C /* payManager */,
				FD0E13F11E5EC21800570E0C /* payManagerTests */,
				FD0E13FC1E5EC21800570E0C /* payManagerUITests */,
			);
		};
/* End PBXProject section */

/* Begin PBXResourcesBuildPhase section */
		FD0E13D41E5EC21700570E0C /* Resources */ = {
			isa = PBXResourcesBuildPhase;
			buildActionMask = 2147483647;
			files = (
				FD0E13EC1E5EC21700570E0C /* LaunchScreen.storyboard in Resources */,
				FD0E13E91E5EC21700570E0C /* Assets.xcassets in Resources */,
				FD0E13E71E5EC21700570E0C /* Main.storyboard in Resources */,
			);
			runOnlyForDeploymentPostprocessing = 0;
		};
		FD0E13F01E5EC21800570E0C /* Resources */ = {
			isa = PBXResourcesBuildPhase;
			buildActionMask = 2147483647;
			files = (
			);
			runOnlyForDeploymentPostprocessing = 0;
		};
		FD0E13FB1E5EC21800570E0C /* Resources */ = {
			isa = PBXResourcesBuildPhase;
			buildActionMask = 2147483647;
			files = (
			);
			runOnlyForDeploymentPostprocessing = 0;
		};
/* End PBXResourcesBuildPhase section */

/* Begin PBXSourcesBuildPhase section */
		FD0E13D21E5EC21700570E0C /* Sources */ = {
			isa = PBXSourcesBuildPhase;
			buildActionMask = 2147483647;
			files = (
				FD0E13DE1E5EC21700570E0C /* AppDelegate.m in Sources */,
				FD0E13E11E5EC21700570E0C /* MasterViewController.m in Sources */,
				FD0E13DB1E5EC21700570E0C /* main.m in Sources */,
				FD0E13E41E5EC21700570E0C /* DetailViewController.m in Sources */,
			);
			runOnlyForDeploymentPostprocessing = 0;
		};
		FD0E13EE1E5EC21800570E0C /* Sources */ = {
			isa = PBXSourcesBuildPhase;
			buildActionMask = 2147483647;
			files = (
				FD0E13F71E5EC21800570E0C /* payManagerTests.m in Sources */,
			);
			runOnlyForDeploymentPostprocessing = 0;
		};
		FD0E13F91E5EC21800570E0C /* Sources */ = {
			isa = PBXSourcesBuildPhase;
			buildActionMask = 2147483647;
			files = (
				FD0E14021E5EC21800570E0C /* payManagerUITests.m in Sources */,
			);
			runOnlyForDeploymentPostprocessing = 0;
		};
/* End PBXSourcesBuildPhase section */

/* Begin PBXTargetDependency section */
		FD0E13F41E5EC21800570E0C /* PBXTargetDependency */ = {
			isa = PBXTargetDependency;
			target = FD0E13D51E5EC21700570E0C /* payManager */;
			targetProxy = FD0E13F31E5EC21800570E0C /* PBXContainerItemProxy */;
		};
		FD0E13FF1E5EC21800570E0C /* PBXTargetDependency */ = {
			isa = PBXTargetDependency;
			target = FD0E13D51E5EC21700570E0C /* payManager */;
			targetProxy = FD0E13FE1E5EC21800570E0C /* PBXContainerItemProxy */;
		};
/* End PBXTargetDependency section */

/* Begin PBXVariantGroup section */
		FD0E13E51E5EC21700570E0C /* Main.storyboard */ = {
			isa = PBXVariantGroup;
			children = (
				FD0E13E61E5EC21700570E0C /* Base */,
			);
			name = Main.storyboard;
			sourceTree = "<group>";
		};
		FD0E13EA1E5EC21700570E0C /* LaunchScreen.storyboard */ = {
			isa = PBXVariantGroup;
			children = (
				FD0E13EB1E5EC21700570E0C /* Base */,
			);
			name = LaunchScreen.storyboard;
			sourceTree = "<group>";
		};
/* End PBXVariantGroup section */

/* Begin XCBuildConfiguration section */
		FD0E14041E5EC21800570E0C /* Debug */ = {
			isa = XCBuildConfiguration;
			buildSettings = {
				ALWAYS_SEARCH_USER_PATHS = NO;
				CLANG_CXX_LANGUAGE_STANDARD = "gnu++0x";
				CLANG_CXX_LIBRARY = "libc++";
				CLANG_ENABLE_MODULES = YES;
				CLANG_ENABLE_OBJC_ARC = YES;
				CLANG_WARN_BOOL_CONVERSION = YES;
				CLANG_WARN_CONSTANT_CONVERSION = YES;
				CLANG_WARN_DIRECT_OBJC_ISA_USAGE = YES_ERROR;
				CLANG_WARN_EMPTY_BODY = YES;
				CLANG_WARN_ENUM_CONVERSION = YES;
				CLANG_WARN_INT_CONVERSION = YES;
				CLANG_WARN_OBJC_ROOT_CLASS = YES_ERROR;
				CLANG_WARN_UNREACHABLE_CODE = YES;
				CLANG_WARN__DUPLICATE_METHOD_MATCH = YES;
				"CODE_SIGN_IDENTITY[sdk=iphoneos*]" = "iPhone Developer";
				COPY_PHASE_STRIP = NO;
				DEBUG_INFORMATION_FORMAT = dwarf;
				ENABLE_STRICT_OBJC_MSGSEND = YES;
				ENABLE_TESTABILITY = YES;
				GCC_C_LANGUAGE_STANDARD = gnu99;
				GCC_DYNAMIC_NO_PIC = NO;
				GCC_NO_COMMON_BLOCKS = YES;
				GCC_OPTIMIZATION_LEVEL = 0;
				GCC_PREPROCESSOR_DEFINITIONS = (
					"DEBUG=1",
					"$(inherited)",
				);
				GCC_WARN_64_TO_32_BIT_CONVERSION = YES;
				GCC_WARN_ABOUT_RETURN_TYPE = YES_ERROR;
				GCC_WARN_UNDECLARED_SELECTOR = YES;
				GCC_WARN_UNINITIALIZED_AUTOS = YES_AGGRESSIVE;
				GCC_WARN_UNUSED_FUNCTION = YES;
				GCC_WARN_UNUSED_VARIABLE = YES;
				IPHONEOS_DEPLOYMENT_TARGET = 9.1;
				MTL_ENABLE_DEBUG_INFO = YES;
				ONLY_ACTIVE_ARCH = YES;
				SDKROOT = iphoneos;
				TARGETED_DEVICE_FAMILY = "1,2";
			};
			name = Debug;
		};
		FD0E14051E5EC21800570E0C /* Release */ = {
			isa = XCBuildConfiguration;
			buildSettings = {
				ALWAYS_SEARCH_USER_PATHS = NO;
				CLANG_CXX_LANGUAGE_STANDARD = "gnu++0x";
				CLANG_CXX_LIBRARY = "libc++";
				CLANG_ENABLE_MODULES = YES;
				CLANG_ENABLE_OBJC_ARC = YES;
				CLANG_WARN_BOOL_CONVERSION = YES;
				CLANG_WARN_CONSTANT_CONVERSION = YES;
				CLANG_WARN_DIRECT_OBJC_ISA_USAGE = YES_ERROR;
				CLANG_WARN_EMPTY_BODY = YES;
				CLANG_WARN_ENUM_CONVERSION = YES;
				CLANG_WARN_INT_CONVERSION = YES;
				CLANG_WARN_OBJC_ROOT_CLASS = YES_ERROR;
				CLANG_WARN_UNREACHABLE_CODE = YES;
				CLANG_WARN__DUPLICATE_METHOD_MATCH = YES;
				"CODE_SIGN_IDENTITY[sdk=iphoneos*]" = "iPhone Developer";
				COPY_PHASE_STRIP = NO;
				DEBUG_INFORMATION_FORMAT = "dwarf-with-dsym";
				ENABLE_NS_ASSERTIONS = NO;
				ENABLE_STRICT_OBJC_MSGSEND = YES;
				GCC_C_LANGUAGE_STANDARD = gnu99;
				GCC_NO_COMMON_BLOCKS = YES;
				GCC_WARN_64_TO_32_BIT_CONVERSION = YES;
				GCC_WARN_ABOUT_RETURN_TYPE = YES_ERROR;
				GCC_WARN_UNDECLARED_SELECTOR = YES;
				GCC_WARN_UNINITIALIZED_AUTOS = YES_AGGRESSIVE;
				GCC_WARN_UNUSED_FUNCTION = YES;
				GCC_WARN_UNUSED_VARIABLE = YES;
				IPHONEOS_DEPLOYMENT_TARGET = 9.1;
				MTL_ENABLE_DEBUG_INFO = NO;
				SDKROOT = iphoneos;
				TARGETED_DEVICE_FAMILY = "1,2";
				VALIDATE_PRODUCT = YES;
			};
			name = Release;
		};
		FD0E14071E5EC21800570E0C /* Debug */ = {
			isa = XCBuildConfiguration;
			buildSettings = {
				ASSETCATALOG_COMPILER_APPICON_NAME = AppIcon;
				INFOPLIST_FILE = payManager/Info.plist;
				LD_RUNPATH_SEARCH_PATHS = "$(inherited) @executable_path/Frameworks";
				PRODUCT_BUNDLE_IDENTIFIER = com.hongbo.payManager;
				PRODUCT_NAME = "$(TARGET_NAME)";
			};
			name = Debug;
		};
		FD0E14081E5EC21800570E0C /* Release */ = {
			isa = XCBuildConfiguration;
			buildSettings = {
				ASSETCATALOG_COMPILER_APPICON_NAME = AppIcon;
				INFOPLIST_FILE = payManager/Info.plist;
				LD_RUNPATH_SEARCH_PATHS = "$(inherited) @executable_path/Frameworks";
				PRODUCT_BUNDLE_IDENTIFIER = com.hongbo.payManager;
				PRODUCT_NAME = "$(TARGET_NAME)";
			};
			name = Release;
		};
		FD0E140A1E5EC21800570E0C /* Debug */ = {
			isa = XCBuildConfiguration;
			buildSettings = {
				BUNDLE_LOADER = "$(TEST_HOST)";
				INFOPLIST_FILE = payManagerTests/Info.plist;
				LD_RUNPATH_SEARCH_PATHS = "$(inherited) @executable_path/Frameworks @loader_path/Frameworks";
				PRODUCT_BUNDLE_IDENTIFIER = com.hongbo.payManagerTests;
				PRODUCT_NAME = "$(TARGET_NAME)";
				TEST_HOST = "$(BUILT_PRODUCTS_DIR)/payManager.app/payManager";
			};
			name = Debug;
		};
		FD0E140B1E5EC21800570E0C /* Release */ = {
			isa = XCBuildConfiguration;
			buildSettings = {
				BUNDLE_LOADER = "$(TEST_HOST)";
				INFOPLIST_FILE = payManagerTests/Info.plist;
				LD_RUNPATH_SEARCH_PATHS = "$(inherited) @executable_path/Frameworks @loader_path/Frameworks";
				PRODUCT_BUNDLE_IDENTIFIER = com.hongbo.payManagerTests;
				PRODUCT_NAME = "$(TARGET_NAME)";
				TEST_HOST = "$(BUILT_PRODUCTS_DIR)/payManager.app/payManager";
			};
			name = Release;
		};
		FD0E140D1E5EC21800570E0C /* Debug */ = {
			isa = XCBuildConfiguration;
			buildSettings = {
				INFOPLIST_FILE = payManagerUITests/Info.plist;
				LD_RUNPATH_SEARCH_PATHS = "$(inherited) @executable_path/Frameworks @loader_path/Frameworks";
				PRODUCT_BUNDLE_IDENTIFIER = com.hongbo.payManagerUITests;
				PRODUCT_NAME = "$(TARGET_NAME)";
				TEST_TARGET_NAME = payManager;
				USES_XCTRUNNER = YES;
			};
			name = Debug;
		};
		FD0E140E1E5EC21800570E0C /* Release */ = {
			isa = XCBuildConfiguration;
			buildSettings = {
				INFOPLIST_FILE = payManagerUITests/Info.plist;
				LD_RUNPATH_SEARCH_PATHS = "$(inherited) @executable_path/Frameworks @loader_path/Frameworks";
				PRODUCT_BUNDLE_IDENTIFIER = com.hongbo.payManagerUITests;
				PRODUCT_NAME = "$(TARGET_NAME)";
				TEST_TARGET_NAME = payManager;
				USES_XCTRUNNER = YES;
			};
			name = Release;
		};
/* End XCBuildConfiguration section */

/* Begin XCConfigurationList section */
		FD0E13D11E5EC21700570E0C /* Build configuration list for PBXProject "payManager" */ = {
			isa = XCConfigurationList;
			buildConfigurations = (
				FD0E14041E5EC21800570E0C /* Debug */,
				FD0E14051E5EC21800570E0C /* Release */,
			);
			defaultConfigurationIsVisible = 0;
			defaultConfigurationName = Release;
		};
		FD0E14061E5EC21800570E0C /* Build configuration list for PBXNativeTarget "payManager" */ = {
			isa = XCConfigurationList;
			buildConfigurations = (
				FD0E14071E5EC21800570E0C /* Debug */,
				FD0E14081E5EC21800570E0C /* Release */,
			);
			defaultConfigurationIsVisible = 0;
		};
		FD0E14091E5EC21800570E0C /* Build configuration list for PBXNativeTarget "payManagerTests" */ = {
			isa = XCConfigurationList;
			buildConfigurations = (
				FD0E140A1E5EC21800570E0C /* Debug */,
				FD0E140B1E5EC21800570E0C /* Release */,
			);
			defaultConfigurationIsVisible = 0;
		};
		FD0E140C1E5EC21800570E0C /* Build configuration list for PBXNativeTarget "payManagerUITests" */ = {
			isa = XCConfigurationList;
			buildConfigurations = (
				FD0E140D1E5EC21800570E0C /* Debug */,
				FD0E140E1E5EC21800570E0C /* Release */,
			);
			defaultConfigurationIsVisible = 0;
		};
/* End XCConfigurationList section */
	};
	rootObject = FD0E13CE1E5EC21700570E0C /* Project object */;
}
